
Microsoft Visual Studio Solution File, Format Version 11.00
# Visual Studio 2010
# SharpDevelop 5.1
Project("{FAE04EC0-301F-11D3-BF4B-00C04F79EFBC}") = "holaMundo", "holaMundo\holaMundo.csproj", "{F6934617-3449-44CA-B93A-0C875909FFED}"
EndProject
Global
	GlobalSection(SolutionConfigurationPlatforms) = preSolution
		Debug|Any CPU = Debug|Any CPU
	EndGlobalSection
	GlobalSection(ProjectConfigurationPlatforms) = postSolution
		{F6934617-3449-44CA-B93A-0C875909FFED}.Debug|Any CPU.ActiveCfg = Debug|Any CPU
		{F6934617-3449-44CA-B93A-0C875909FFED}.Debug|Any CPU.Build.0 = Debug|Any CPU
		{F6934617-3449-44CA-B93A-0C875909FFED}.Release|Any CPU.ActiveCfg = Release|Any CPU
		{F6934617-3449-44CA-B93A-0C875909FFED}.Release|Any CPU.Build.0 = Release|Any CPU
	EndGlobalSection
EndGlobal
